Microsoft Visual Studio Solution File, Format Version 8.00
Project("{FAE04EC0-301F-11D3-BF4B-00C04F79EFBC}") = "CSharpFITS", "CSharpFITS.csproj", "{9BC5F834-BB3A-43D0-A954-E214186BED0D}"
	ProjectSection(ProjectDependencies) = postProject
	EndProjectSection
EndProject
Project("{FAE04EC0-301F-11D3-BF4B-00C04F79EFBC}") = "tests", "tests\tests.csproj", "{4EDB1AD4-5876-4CB9-9C06-9973BEA623D6}"
	ProjectSection(ProjectDependencies) = postProject
	EndProjectSection
EndProject
Project("{FAE04EC0-301F-11D3-BF4B-00C04F79EFBC}") = "ActualBufferedStreamTest", "ActualBufferedStreamTest\ActualBufferedStreamTest.csproj", "{5D22FDC1-D0B8-4978-9555-DC3EAFB2C266}"
	ProjectSection(ProjectDependencies) = postProject
	EndProjectSection
EndProject
Global
	GlobalSection(SolutionConfiguration) = preSolution
		Debug = Debug
		Release = Release
	EndGlobalSection
	GlobalSection(ProjectConfiguration) = postSolution
		{9BC5F834-BB3A-43D0-A954-E214186BED0D}.Debug.ActiveCfg = Debug|.NET
		{9BC5F834-BB3A-43D0-A954-E214186BED0D}.Debug.Build.0 = Debug|.NET
		{9BC5F834-BB3A-43D0-A954-E214186BED0D}.Release.ActiveCfg = Release|.NET
		{9BC5F834-BB3A-43D0-A954-E214186BED0D}.Release.Build.0 = Release|.NET
		{4EDB1AD4-5876-4CB9-9C06-9973BEA623D6}.Debug.ActiveCfg = Debug|.NET
		{4EDB1AD4-5876-4CB9-9C06-9973BEA623D6}.Debug.Build.0 = Debug|.NET
		{4EDB1AD4-5876-4CB9-9C06-9973BEA623D6}.Release.ActiveCfg = Release|.NET
		{4EDB1AD4-5876-4CB9-9C06-9973BEA623D6}.Release.Build.0 = Release|.NET
		{5D22FDC1-D0B8-4978-9555-DC3EAFB2C266}.Debug.ActiveCfg = Debug|.NET
		{5D22FDC1-D0B8-4978-9555-DC3EAFB2C266}.Debug.Build.0 = Debug|.NET
		{5D22FDC1-D0B8-4978-9555-DC3EAFB2C266}.Release.ActiveCfg = Release|.NET
		{5D22FDC1-D0B8-4978-9555-DC3EAFB2C266}.Release.Build.0 = Release|.NET
	EndGlobalSection
	GlobalSection(ExtensibilityGlobals) = postSolution
	EndGlobalSection
	GlobalSection(ExtensibilityAddIns) = postSolution
	EndGlobalSection
EndGlobal
